// !$*UTF8*$!
{
	archiveVersion = 1;
	classes = {
	};
	objectVersion = 50;
	objects = {

/* Begin PBXBuildFile section */
		11494AE62444BFF000D14261 /* AppDelegate.swift in Sources */ = {isa = PBXBuildFile; fileRef = 11494AE52444BFF000D14261 /* AppDelegate.swift */; };
		11494AE82444BFF000D14261 /* SceneDelegate.swift in Sources */ = {isa = PBXBuildFile; fileRef = 11494AE72444BFF000D14261 /* SceneDelegate.swift */; };
		11494AEF2444BFF600D14261 /* Assets.xcassets in Resources */ = {isa = PBXBuildFile; fileRef = 11494AEE2444BFF600D14261 /* Assets.xcassets */; };
		11494AF22444BFF600D14261 /* LaunchScreen.storyboard in Resources */ = {isa = PBXBuildFile; fileRef = 11494AF02444BFF600D14261 /* LaunchScreen.storyboard */; };
		11494B032444C76D00D14261 /* MainViewController.swift in Sources */ = {isa = PBXBuildFile; fileRef = 11494B022444C76D00D14261 /* MainViewController.swift */; };
		11494B082444D08A00D14261 /* MainUserView.swift in Sources */ = {isa = PBXBuildFile; fileRef = 11494B072444D08A00D14261 /* MainUserView.swift */; };
		11494B0A2444D0E200D14261 /* Colors.xcassets in Resources */ = {isa = PBXBuildFile; fileRef = 11494B092444D0E200D14261 /* Colors.xcassets */; };
		11494B112444D19200D14261 /* DarkMode.swift in Sources */ = {isa = PBXBuildFile; fileRef = 11494B0C2444D19100D14261 /* DarkMode.swift */; };
		11494B122444D19200D14261 /* Baskerville.ttc in Resources */ = {isa = PBXBuildFile; fileRef = 11494B0D2444D19100D14261 /* Baskerville.ttc */; };
		11494B132444D19200D14261 /* ThemeProtocol.swift in Sources */ = {isa = PBXBuildFile; fileRef = 11494B0E2444D19200D14261 /* ThemeProtocol.swift */; };
		11494B142444D19200D14261 /* Theme.swift in Sources */ = {isa = PBXBuildFile; fileRef = 11494B0F2444D19200D14261 /* Theme.swift */; };
		11494B152444D19200D14261 /* LightMode.swift in Sources */ = {isa = PBXBuildFile; fileRef = 11494B102444D19200D14261 /* LightMode.swift */; };
		11494B1A2444D40C00D14261 /* Champagne & Limousines Bold.ttf in Resources */ = {isa = PBXBuildFile; fileRef = 11494B162444D40B00D14261 /* Champagne & Limousines Bold.ttf */; };
		11494B1B2444D40C00D14261 /* Champagne & Limousines Italic.ttf in Resources */ = {isa = PBXBuildFile; fileRef = 11494B172444D40C00D14261 /* Champagne & Limousines Italic.ttf */; };
		11494B1C2444D40C00D14261 /* Champagne & Limousines Bold Italic.ttf in Resources */ = {isa = PBXBuildFile; fileRef = 11494B182444D40C00D14261 /* Champagne & Limousines Bold Italic.ttf */; };
		11494B1D2444D40C00D14261 /* Champagne & Limousines.ttf in Resources */ = {isa = PBXBuildFile; fileRef = 11494B192444D40C00D14261 /* Champagne & Limousines.ttf */; };
		11494B212445045E00D14261 /* MainView+TableView.swift in Sources */ = {isa = PBXBuildFile; fileRef = 11494B202445045E00D14261 /* MainView+TableView.swift */; };
		11494B232445051900D14261 /* LoginHeader.swift in Sources */ = {isa = PBXBuildFile; fileRef = 11494B222445051900D14261 /* LoginHeader.swift */; };
		11494B262445130500D14261 /* SignUprViewController.swift in Sources */ = {isa = PBXBuildFile; fileRef = 11494B252445130500D14261 /* SignUprViewController.swift */; };
		11494B282445135300D14261 /* SignUpView+TableView.swift in Sources */ = {isa = PBXBuildFile; fileRef = 11494B272445135300D14261 /* SignUpView+TableView.swift */; };
		11494B2D244566E000D14261 /* MainTabBarView.swift in Sources */ = {isa = PBXBuildFile; fileRef = 11494B2C244566E000D14261 /* MainTabBarView.swift */; };
		11494B31244585B000D14261 /* Extensions.swift in Sources */ = {isa = PBXBuildFile; fileRef = 11494B30244585B000D14261 /* Extensions.swift */; };
		11494B362445898E00D14261 /* MainUserViewNav.swift in Sources */ = {isa = PBXBuildFile; fileRef = 11494B352445898E00D14261 /* MainUserViewNav.swift */; };
		11494B38244589EA00D14261 /* CategoriesNavView.swift in Sources */ = {isa = PBXBuildFile; fileRef = 11494B37244589EA00D14261 /* CategoriesNavView.swift */; };
		11494B3A24458A0C00D14261 /* ShopCarNavView.swift in Sources */ = {isa = PBXBuildFile; fileRef = 11494B3924458A0C00D14261 /* ShopCarNavView.swift */; };
		11494B3C24458A2100D14261 /* SettingsNavView.swift in Sources */ = {isa = PBXBuildFile; fileRef = 11494B3B24458A2100D14261 /* SettingsNavView.swift */; };
		11494B3E24458A4700D14261 /* CategoriesView.swift in Sources */ = {isa = PBXBuildFile; fileRef = 11494B3D24458A4700D14261 /* CategoriesView.swift */; };
		11494B4024458A6600D14261 /* ShopCarView.swift in Sources */ = {isa = PBXBuildFile; fileRef = 11494B3F24458A6600D14261 /* ShopCarView.swift */; };
		11494B4224458A7900D14261 /* SettingsView.swift in Sources */ = {isa = PBXBuildFile; fileRef = 11494B4124458A7900D14261 /* SettingsView.swift */; };
		1189DD0024464C3200F31DC2 /* categoryProductCell.swift in Sources */ = {isa = PBXBuildFile; fileRef = 1189DCFF24464C3200F31DC2 /* categoryProductCell.swift */; };
		1189DD09244661CE00F31DC2 /* ProductListCVView.swift in Sources */ = {isa = PBXBuildFile; fileRef = 1189DD08244661CE00F31DC2 /* ProductListCVView.swift */; };
		1189DD0B244676AA00F31DC2 /* ProductItemCell.swift in Sources */ = {isa = PBXBuildFile; fileRef = 1189DD0A244676AA00F31DC2 /* ProductItemCell.swift */; };
		1189DD0D244683B100F31DC2 /* ProductsHeaderView.swift in Sources */ = {isa = PBXBuildFile; fileRef = 1189DD0C244683B100F31DC2 /* ProductsHeaderView.swift */; };
/* End PBXBuildFile section */

/* Begin PBXFileReference section */
		11494AE22444BFF000D14261 /* ActiMex.app */ = {isa = PBXFileReference; explicitFileType = wrapper.application; includeInIndex = 0; path = ActiMex.app; sourceTree = BUILT_PRODUCTS_DIR; };
		11494AE52444BFF000D14261 /* AppDelegate.swift */ = {isa = PBXFileReference; lastKnownFileType = sourcecode.swift; path = AppDelegate.swift; sourceTree = "<group>"; };
		11494AE72444BFF000D14261 /* SceneDelegate.swift */ = {isa = PBXFileReference; lastKnownFileType = sourcecode.swift; path = SceneDelegate.swift; sourceTree = "<group>"; };
		11494AEE2444BFF600D14261 /* Assets.xcassets */ = {isa = PBXFileReference; lastKnownFileType = folder.assetcatalog; path = Assets.xcassets; sourceTree = "<group>"; };
		11494AF12444BFF600D14261 /* Base */ = {isa = PBXFileReference; lastKnownFileType = file.storyboard; name = Base; path = Base.lproj/LaunchScreen.storyboard; sourceTree = "<group>"; };
		11494AF32444BFF600D14261 /* Info.plist */ = {isa = PBXFileReference; lastKnownFileType = text.plist.xml; path = Info.plist; sourceTree = "<group>"; };
		11494B022444C76D00D14261 /* MainViewController.swift */ = {isa = PBXFileReference; lastKnownFileType = sourcecode.swift; path = MainViewController.swift; sourceTree = "<group>"; };
		11494B072444D08A00D14261 /* MainUserView.swift */ = {isa = PBXFileReference; lastKnownFileType = sourcecode.swift; path = MainUserView.swift; sourceTree = "<group>"; };
		11494B092444D0E200D14261 /* Colors.xcassets */ = {isa = PBXFileReference; lastKnownFileType = folder.assetcatalog; path = Colors.xcassets; sourceTree = "<group>"; };
		11494B0C2444D19100D14261 /* DarkMode.swift */ = {isa = PBXFileReference; fileEncoding = 4; lastKnownFileType = sourcecode.swift; path = DarkMode.swift; sourceTree = "<group>"; };
		11494B0D2444D19100D14261 /* Baskerville.ttc */ = {isa = PBXFileReference; lastKnownFileType = file; path = Baskerville.ttc; sourceTree = "<group>"; };
		11494B0E2444D19200D14261 /* ThemeProtocol.swift */ = {isa = PBXFileReference; fileEncoding = 4; lastKnownFileType = sourcecode.swift; path = ThemeProtocol.swift; sourceTree = "<group>"; };
		11494B0F2444D19200D14261 /* Theme.swift */ = {isa = PBXFileReference; fileEncoding = 4; lastKnownFileType = sourcecode.swift; path = Theme.swift; sourceTree = "<group>"; };
		11494B102444D19200D14261 /* LightMode.swift */ = {isa = PBXFileReference; fileEncoding = 4; lastKnownFileType = sourcecode.swift; path = LightMode.swift; sourceTree = "<group>"; };
		11494B162444D40B00D14261 /* Champagne & Limousines Bold.ttf */ = {isa = PBXFileReference; lastKnownFileType = file; path = "Champagne & Limousines Bold.ttf"; sourceTree = "<group>"; };
		11494B172444D40C00D14261 /* Champagne & Limousines Italic.ttf */ = {isa = PBXFileReference; lastKnownFileType = file; path = "Champagne & Limousines Italic.ttf"; sourceTree = "<group>"; };
		11494B182444D40C00D14261 /* Champagne & Limousines Bold Italic.ttf */ = {isa = PBXFileReference; lastKnownFileType = file; path = "Champagne & Limousines Bold Italic.ttf"; sourceTree = "<group>"; };
		11494B192444D40C00D14261 /* Champagne & Limousines.ttf */ = {isa = PBXFileReference; lastKnownFileType = file; path = "Champagne & Limousines.ttf"; sourceTree = "<group>"; };
		11494B202445045E00D14261 /* MainView+TableView.swift */ = {isa = PBXFileReference; lastKnownFileType = sourcecode.swift; path = "MainView+TableView.swift"; sourceTree = "<group>"; };
		11494B222445051900D14261 /* LoginHeader.swift */ = {isa = PBXFileReference; lastKnownFileType = sourcecode.swift; path = LoginHeader.swift; sourceTree = "<group>"; };
		11494B252445130500D14261 /* SignUprViewController.swift */ = {isa = PBXFileReference; lastKnownFileType = sourcecode.swift; path = SignUprViewController.swift; sourceTree = "<group>"; };
		11494B272445135300D14261 /* SignUpView+TableView.swift */ = {isa = PBXFileReference; lastKnownFileType = sourcecode.swift; path = "SignUpView+TableView.swift"; sourceTree = "<group>"; };
		11494B2C244566E000D14261 /* MainTabBarView.swift */ = {isa = PBXFileReference; lastKnownFileType = sourcecode.swift; path = MainTabBarView.swift; sourceTree = "<group>"; };
		11494B30244585B000D14261 /* Extensions.swift */ = {isa = PBXFileReference; lastKnownFileType = sourcecode.swift; path = Extensions.swift; sourceTree = "<group>"; };
		11494B352445898E00D14261 /* MainUserViewNav.swift */ = {isa = PBXFileReference; lastKnownFileType = sourcecode.swift; path = MainUserViewNav.swift; sourceTree = "<group>"; };
		11494B37244589EA00D14261 /* CategoriesNavView.swift */ = {isa = PBXFileReference; lastKnownFileType = sourcecode.swift; path = CategoriesNavView.swift; sourceTree = "<group>"; };
		11494B3924458A0C00D14261 /* ShopCarNavView.swift */ = {isa = PBXFileReference; lastKnownFileType = sourcecode.swift; path = ShopCarNavView.swift; sourceTree = "<group>"; };
		11494B3B24458A2100D14261 /* SettingsNavView.swift */ = {isa = PBXFileReference; lastKnownFileType = sourcecode.swift; path = SettingsNavView.swift; sourceTree = "<group>"; };
		11494B3D24458A4700D14261 /* CategoriesView.swift */ = {isa = PBXFileReference; lastKnownFileType = sourcecode.swift; path = CategoriesView.swift; sourceTree = "<group>"; };
		11494B3F24458A6600D14261 /* ShopCarView.swift */ = {isa = PBXFileReference; lastKnownFileType = sourcecode.swift; path = ShopCarView.swift; sourceTree = "<group>"; };
		11494B4124458A7900D14261 /* SettingsView.swift */ = {isa = PBXFileReference; lastKnownFileType = sourcecode.swift; path = SettingsView.swift; sourceTree = "<group>"; };
		1189DCFF24464C3200F31DC2 /* categoryProductCell.swift */ = {isa = PBXFileReference; lastKnownFileType = sourcecode.swift; path = categoryProductCell.swift; sourceTree = "<group>"; };
		1189DD08244661CE00F31DC2 /* ProductListCVView.swift */ = {isa = PBXFileReference; lastKnownFileType = sourcecode.swift; path = ProductListCVView.swift; sourceTree = "<group>"; };
		1189DD0A244676AA00F31DC2 /* ProductItemCell.swift */ = {isa = PBXFileReference; lastKnownFileType = sourcecode.swift; path = ProductItemCell.swift; sourceTree = "<group>"; };
		1189DD0C244683B100F31DC2 /* ProductsHeaderView.swift */ = {isa = PBXFileReference; lastKnownFileType = sourcecode.swift; path = ProductsHeaderView.swift; sourceTree = "<group>"; };
/* End PBXFileReference section */

/* Begin PBXFrameworksBuildPhase section */
		11494ADF2444BFF000D14261 /* Frameworks */ = {
			isa = PBXFrameworksBuildPhase;
			buildActionMask = 2147483647;
			files = (
			);
			runOnlyForDeploymentPostprocessing = 0;
		};
/* End PBXFrameworksBuildPhase section */

/* Begin PBXGroup section */
		11494AD92444BFF000D14261 = {
			isa = PBXGroup;
			children = (
				11494AE42444BFF000D14261 /* ActiMex */,
				11494AE32444BFF000D14261 /* Products */,
			);
			sourceTree = "<group>";
		};
		11494AE32444BFF000D14261 /* Products */ = {
			isa = PBXGroup;
			children = (
				11494AE22444BFF000D14261 /* ActiMex.app */,
			);
			name = Products;
			sourceTree = "<group>";
		};
		11494AE42444BFF000D14261 /* ActiMex */ = {
			isa = PBXGroup;
			children = (
				11494B2F2445859D00D14261 /* Code Extensions */,
				11494AF32444BFF600D14261 /* Info.plist */,
				11494B002444C70000D14261 /* Scene+AppDelegate */,
				11494B042444C9FE00D14261 /* Resources */,
				11494B012444C71000D14261 /* ViewControllers */,
			);
			path = ActiMex;
			sourceTree = "<group>";
		};
		11494B002444C70000D14261 /* Scene+AppDelegate */ = {
			isa = PBXGroup;
			children = (
				11494AE52444BFF000D14261 /* AppDelegate.swift */,
				11494AE72444BFF000D14261 /* SceneDelegate.swift */,
				11494AF02444BFF600D14261 /* LaunchScreen.storyboard */,
			);
			path = "Scene+AppDelegate";
			sourceTree = "<group>";
		};
		11494B012444C71000D14261 /* ViewControllers */ = {
			isa = PBXGroup;
			children = (
				11494B052444D05600D14261 /* MainLoginSignUp */,
				11494B062444D06200D14261 /* Main User View */,
			);
			path = ViewControllers;
			sourceTree = "<group>";
		};
		11494B042444C9FE00D14261 /* Resources */ = {
			isa = PBXGroup;
			children = (
				11494B0B2444D14200D14261 /* Themes */,
				11494AEE2444BFF600D14261 /* Assets.xcassets */,
				11494B092444D0E200D14261 /* Colors.xcassets */,
			);
			path = Resources;
			sourceTree = "<group>";
		};
		11494B052444D05600D14261 /* MainLoginSignUp */ = {
			isa = PBXGroup;
			children = (
				11494B292445668F00D14261 /* Login */,
				11494B24244512D300D14261 /* Register */,
			);
			path = MainLoginSignUp;
			sourceTree = "<group>";
		};
		11494B062444D06200D14261 /* Main User View */ = {
			isa = PBXGroup;
			children = (
				1189DCF624463D3900F31DC2 /* Place Products */,
				11494B2A244566AC00D14261 /* Tab bar */,
				11494B2B244566B100D14261 /* Main User view */,
				11494B32244588EB00D14261 /* Categories view */,
				11494B33244588F100D14261 /* Shop Car View */,
				11494B34244588FA00D14261 /* Settings View */,
			);
			path = "Main User View";
			sourceTree = "<group>";
		};
		11494B0B2444D14200D14261 /* Themes */ = {
			isa = PBXGroup;
			children = (
				11494B1F2444D54400D14261 /* ThemeFiles */,
				11494B1E2444D53200D14261 /* Fonts */,
			);
			path = Themes;
			sourceTree = "<group>";
		};
		11494B1E2444D53200D14261 /* Fonts */ = {
			isa = PBXGroup;
			children = (
				11494B182444D40C00D14261 /* Champagne & Limousines Bold Italic.ttf */,
				11494B162444D40B00D14261 /* Champagne & Limousines Bold.ttf */,
				11494B172444D40C00D14261 /* Champagne & Limousines Italic.ttf */,
				11494B192444D40C00D14261 /* Champagne & Limousines.ttf */,
				11494B0D2444D19100D14261 /* Baskerville.ttc */,
			);
			path = Fonts;
			sourceTree = "<group>";
		};
		11494B1F2444D54400D14261 /* ThemeFiles */ = {
			isa = PBXGroup;
			children = (
				11494B0C2444D19100D14261 /* DarkMode.swift */,
				11494B102444D19200D14261 /* LightMode.swift */,
				11494B0F2444D19200D14261 /* Theme.swift */,
				11494B0E2444D19200D14261 /* ThemeProtocol.swift */,
			);
			path = ThemeFiles;
			sourceTree = "<group>";
		};
		11494B24244512D300D14261 /* Register */ = {
			isa = PBXGroup;
			children = (
				11494B252445130500D14261 /* SignUprViewController.swift */,
				11494B272445135300D14261 /* SignUpView+TableView.swift */,
			);
			path = Register;
			sourceTree = "<group>";
		};
		11494B292445668F00D14261 /* Login */ = {
			isa = PBXGroup;
			children = (
				11494B022444C76D00D14261 /* MainViewController.swift */,
				11494B202445045E00D14261 /* MainView+TableView.swift */,
				11494B222445051900D14261 /* LoginHeader.swift */,
			);
			path = Login;
			sourceTree = "<group>";
		};
		11494B2A244566AC00D14261 /* Tab bar */ = {
			isa = PBXGroup;
			children = (
				11494B2C244566E000D14261 /* MainTabBarView.swift */,
			);
			path = "Tab bar";
			sourceTree = "<group>";
		};
		11494B2B244566B100D14261 /* Main User view */ = {
			isa = PBXGroup;
			children = (
				11494B072444D08A00D14261 /* MainUserView.swift */,
				11494B352445898E00D14261 /* MainUserViewNav.swift */,
			);
			path = "Main User view";
			sourceTree = "<group>";
		};
		11494B2F2445859D00D14261 /* Code Extensions */ = {
			isa = PBXGroup;
			children = (
				11494B30244585B000D14261 /* Extensions.swift */,
			);
			path = "Code Extensions";
			sourceTree = "<group>";
		};
		11494B32244588EB00D14261 /* Categories view */ = {
			isa = PBXGroup;
			children = (
				11494B3D24458A4700D14261 /* CategoriesView.swift */,
				11494B37244589EA00D14261 /* CategoriesNavView.swift */,
			);
			path = "Categories view";
			sourceTree = "<group>";
		};
		11494B33244588F100D14261 /* Shop Car View */ = {
			isa = PBXGroup;
			children = (
				11494B3F24458A6600D14261 /* ShopCarView.swift */,
				11494B3924458A0C00D14261 /* ShopCarNavView.swift */,
			);
			path = "Shop Car View";
			sourceTree = "<group>";
		};
		11494B34244588FA00D14261 /* Settings View */ = {
			isa = PBXGroup;
			children = (
				11494B4124458A7900D14261 /* SettingsView.swift */,
				11494B3B24458A2100D14261 /* SettingsNavView.swift */,
			);
			path = "Settings View";
			sourceTree = "<group>";
		};
		1189DCF52446394400F31DC2 /* Productos+CV */ = {
			isa = PBXGroup;
			children = (
			);
			path = "Productos+CV";
			sourceTree = "<group>";
		};
		1189DCF624463D3900F31DC2 /* Place Products */ = {
			isa = PBXGroup;
			children = (
				1189DCF924463EEA00F31DC2 /* Place Product Main */,
				1189DCF52446394400F31DC2 /* Productos+CV */,
			);
			path = "Place Products";
			sourceTree = "<group>";
		};
		1189DCF924463EEA00F31DC2 /* Place Product Main */ = {
			isa = PBXGroup;
			children = (
				1189DD072446619700F31DC2 /* Products view */,
			);
			path = "Place Product Main";
			sourceTree = "<group>";
		};
		1189DD072446619700F31DC2 /* Products view */ = {
			isa = PBXGroup;
			children = (
				1189DD08244661CE00F31DC2 /* ProductListCVView.swift */,
				1189DD0A244676AA00F31DC2 /* ProductItemCell.swift */,
				1189DD0C244683B100F31DC2 /* ProductsHeaderView.swift */,
				1189DCFF24464C3200F31DC2 /* categoryProductCell.swift */,
			);
			path = "Products view";
			sourceTree = "<group>";
		};
/* End PBXGroup section */

/* Begin PBXNativeTarget section */
		11494AE12444BFF000D14261 /* ActiMex */ = {
			isa = PBXNativeTarget;
			buildConfigurationList = 11494AF62444BFF600D14261 /* Build configuration list for PBXNativeTarget "ActiMex" */;
			buildPhases = (
				11494ADE2444BFF000D14261 /* Sources */,
				11494ADF2444BFF000D14261 /* Frameworks */,
				11494AE02444BFF000D14261 /* Resources */,
			);
			buildRules = (
			);
			dependencies = (
			);
			name = ActiMex;
			productName = ActiMex;
			productReference = 11494AE22444BFF000D14261 /* ActiMex.app */;
			productType = "com.apple.product-type.application";
		};
/* End PBXNativeTarget section */

/* Begin PBXProject section */
		11494ADA2444BFF000D14261 /* Project object */ = {
			isa = PBXProject;
			attributes = {
				LastSwiftUpdateCheck = 1140;
				LastUpgradeCheck = 1140;
				ORGANIZATIONNAME = "Manuel Soberanis";
				TargetAttributes = {
					11494AE12444BFF000D14261 = {
						CreatedOnToolsVersion = 11.4;
					};
				};
			};
			buildConfigurationList = 11494ADD2444BFF000D14261 /* Build configuration list for PBXProject "ActiMex" */;
			compatibilityVersion = "Xcode 9.3";
			developmentRegion = en;
			hasScannedForEncodings = 0;
			knownRegions = (
				en,
				Base,
			);
			mainGroup = 11494AD92444BFF000D14261;
			productRefGroup = 11494AE32444BFF000D14261 /* Products */;
			projectDirPath = "";
			projectRoot = "";
			targets = (
				11494AE12444BFF000D14261 /* ActiMex */,
			);
		};
/* End PBXProject section */

/* Begin PBXResourcesBuildPhase section */
		11494AE02444BFF000D14261 /* Resources */ = {
			isa = PBXResourcesBuildPhase;
			buildActionMask = 2147483647;
			files = (
				11494B1D2444D40C00D14261 /* Champagne & Limousines.ttf in Resources */,
				11494B1A2444D40C00D14261 /* Champagne & Limousines Bold.ttf in Resources */,
				11494B1B2444D40C00D14261 /* Champagne & Limousines Italic.ttf in Resources */,
				11494B122444D19200D14261 /* Baskerville.ttc in Resources */,
				11494B1C2444D40C00D14261 /* Champagne & Limousines Bold Italic.ttf in Resources */,
				11494B0A2444D0E200D14261 /* Colors.xcassets in Resources */,
				11494AF22444BFF600D14261 /* LaunchScreen.storyboard in Resources */,
				11494AEF2444BFF600D14261 /* Assets.xcassets in Resources */,
			);
			runOnlyForDeploymentPostprocessing = 0;
		};
/* End PBXResourcesBuildPhase section */

/* Begin PBXSourcesBuildPhase section */
		11494ADE2444BFF000D14261 /* Sources */ = {
			isa = PBXSourcesBuildPhase;
			buildActionMask = 2147483647;
			files = (
				11494B4224458A7900D14261 /* SettingsView.swift in Sources */,
				11494B082444D08A00D14261 /* MainUserView.swift in Sources */,
				11494B362445898E00D14261 /* MainUserViewNav.swift in Sources */,
				11494B112444D19200D14261 /* DarkMode.swift in Sources */,
				11494B3A24458A0C00D14261 /* ShopCarNavView.swift in Sources */,
				11494B032444C76D00D14261 /* MainViewController.swift in Sources */,
				11494B132444D19200D14261 /* ThemeProtocol.swift in Sources */,
				11494B282445135300D14261 /* SignUpView+TableView.swift in Sources */,
				11494B4024458A6600D14261 /* ShopCarView.swift in Sources */,
				11494B3E24458A4700D14261 /* CategoriesView.swift in Sources */,
				11494AE62444BFF000D14261 /* AppDelegate.swift in Sources */,
				11494AE82444BFF000D14261 /* SceneDelegate.swift in Sources */,
				11494B3C24458A2100D14261 /* SettingsNavView.swift in Sources */,
				11494B38244589EA00D14261 /* CategoriesNavView.swift in Sources */,
				1189DD0B244676AA00F31DC2 /* ProductItemCell.swift in Sources */,
				1189DD0024464C3200F31DC2 /* categoryProductCell.swift in Sources */,
				11494B142444D19200D14261 /* Theme.swift in Sources */,
				11494B212445045E00D14261 /* MainView+TableView.swift in Sources */,
				11494B232445051900D14261 /* LoginHeader.swift in Sources */,
				11494B2D244566E000D14261 /* MainTabBarView.swift in Sources */,
				1189DD0D244683B100F31DC2 /* ProductsHeaderView.swift in Sources */,
				11494B262445130500D14261 /* SignUprViewController.swift in Sources */,
				11494B152444D19200D14261 /* LightMode.swift in Sources */,
				11494B31244585B000D14261 /* Extensions.swift in Sources */,
				1189DD09244661CE00F31DC2 /* ProductListCVView.swift in Sources */,
			);
			runOnlyForDeploymentPostprocessing = 0;
		};
/* End PBXSourcesBuildPhase section */

/* Begin PBXVariantGroup section */
		11494AF02444BFF600D14261 /* LaunchScreen.storyboard */ = {
			isa = PBXVariantGroup;
			children = (
				11494AF12444BFF600D14261 /* Base */,
			);
			name = LaunchScreen.storyboard;
			sourceTree = "<group>";
		};
/* End PBXVariantGroup section */

/* Begin XCBuildConfiguration section */
		11494AF42444BFF600D14261 /* Debug */ = {
			isa = XCBuildConfiguration;
			buildSettings = {
				ALWAYS_SEARCH_USER_PATHS = NO;
				CLANG_ANALYZER_NONNULL = YES;
				CLANG_ANALYZER_NUMBER_OBJECT_CONVERSION = YES_AGGRESSIVE;
				CLANG_CXX_LANGUAGE_STANDARD = "gnu++14";
				CLANG_CXX_LIBRARY = "libc++";
				CLANG_ENABLE_MODULES = YES;
				CLANG_ENABLE_OBJC_ARC = YES;
				CLANG_ENABLE_OBJC_WEAK = YES;
				CLANG_WARN_BLOCK_CAPTURE_AUTORELEASING = YES;
				CLANG_WARN_BOOL_CONVERSION = YES;
				CLANG_WARN_COMMA = YES;
				CLANG_WARN_CONSTANT_CONVERSION = YES;
				CLANG_WARN_DEPRECATED_OBJC_IMPLEMENTATIONS = YES;
				CLANG_WARN_DIRECT_OBJC_ISA_USAGE = YES_ERROR;
				CLANG_WARN_DOCUMENTATION_COMMENTS = YES;
				CLANG_WARN_EMPTY_BODY = YES;
				CLANG_WARN_ENUM_CONVERSION = YES;
				CLANG_WARN_INFINITE_RECURSION = YES;
				CLANG_WARN_INT_CONVERSION = YES;
				CLANG_WARN_NON_LITERAL_NULL_CONVERSION = YES;
				CLANG_WARN_OBJC_IMPLICIT_RETAIN_SELF = YES;
				CLANG_WARN_OBJC_LITERAL_CONVERSION = YES;
				CLANG_WARN_OBJC_ROOT_CLASS = YES_ERROR;
				CLANG_WARN_RANGE_LOOP_ANALYSIS = YES;
				CLANG_WARN_STRICT_PROTOTYPES = YES;
				CLANG_WARN_SUSPICIOUS_MOVE = YES;
				CLANG_WARN_UNGUARDED_AVAILABILITY = YES_AGGRESSIVE;
				CLANG_WARN_UNREACHABLE_CODE = YES;
				CLANG_WARN__DUPLICATE_METHOD_MATCH = YES;
				COPY_PHASE_STRIP = NO;
				DEBUG_INFORMATION_FORMAT = dwarf;
				ENABLE_STRICT_OBJC_MSGSEND = YES;
				ENABLE_TESTABILITY = YES;
				GCC_C_LANGUAGE_STANDARD = gnu11;
				GCC_DYNAMIC_NO_PIC = NO;
				GCC_NO_COMMON_BLOCKS = YES;
				GCC_OPTIMIZATION_LEVEL = 0;
				GCC_PREPROCESSOR_DEFINITIONS = (
					"DEBUG=1",
					"$(inherited)",
				);
				GCC_WARN_64_TO_32_BIT_CONVERSION = YES;
				GCC_WARN_ABOUT_RETURN_TYPE = YES_ERROR;
				GCC_WARN_UNDECLARED_SELECTOR = YES;
				GCC_WARN_UNINITIALIZED_AUTOS = YES_AGGRESSIVE;
				GCC_WARN_UNUSED_FUNCTION = YES;
				GCC_WARN_UNUSED_VARIABLE = YES;
				IPHONEOS_DEPLOYMENT_TARGET = 13.4;
				MTL_ENABLE_DEBUG_INFO = INCLUDE_SOURCE;
				MTL_FAST_MATH = YES;
				ONLY_ACTIVE_ARCH = YES;
				SDKROOT = iphoneos;
				SWIFT_ACTIVE_COMPILATION_CONDITIONS = DEBUG;
				SWIFT_OPTIMIZATION_LEVEL = "-Onone";
			};
			name = Debug;
		};
		11494AF52444BFF600D14261 /* Release */ = {
			isa = XCBuildConfiguration;
			buildSettings = {
				ALWAYS_SEARCH_USER_PATHS = NO;
				CLANG_ANALYZER_NONNULL = YES;
				CLANG_ANALYZER_NUMBER_OBJECT_CONVERSION = YES_AGGRESSIVE;
				CLANG_CXX_LANGUAGE_STANDARD = "gnu++14";
				CLANG_CXX_LIBRARY = "libc++";
				CLANG_ENABLE_MODULES = YES;
				CLANG_ENABLE_OBJC_ARC = YES;
				CLANG_ENABLE_OBJC_WEAK = YES;
				CLANG_WARN_BLOCK_CAPTURE_AUTORELEASING = YES;
				CLANG_WARN_BOOL_CONVERSION = YES;
				CLANG_WARN_COMMA = YES;
				CLANG_WARN_CONSTANT_CONVERSION = YES;
				CLANG_WARN_DEPRECATED_OBJC_IMPLEMENTATIONS = YES;
				CLANG_WARN_DIRECT_OBJC_ISA_USAGE = YES_ERROR;
				CLANG_WARN_DOCUMENTATION_COMMENTS = YES;
				CLANG_WARN_EMPTY_BODY = YES;
				CLANG_WARN_ENUM_CONVERSION = YES;
				CLANG_WARN_INFINITE_RECURSION = YES;
				CLANG_WARN_INT_CONVERSION = YES;
				CLANG_WARN_NON_LITERAL_NULL_CONVERSION = YES;
				CLANG_WARN_OBJC_IMPLICIT_RETAIN_SELF = YES;
				CLANG_WARN_OBJC_LITERAL_CONVERSION = YES;
				CLANG_WARN_OBJC_ROOT_CLASS = YES_ERROR;
				CLANG_WARN_RANGE_LOOP_ANALYSIS = YES;
				CLANG_WARN_STRICT_PROTOTYPES = YES;
				CLANG_WARN_SUSPICIOUS_MOVE = YES;
				CLANG_WARN_UNGUARDED_AVAILABILITY = YES_AGGRESSIVE;
				CLANG_WARN_UNREACHABLE_CODE = YES;
				CLANG_WARN__DUPLICATE_METHOD_MATCH = YES;
				COPY_PHASE_STRIP = NO;
				DEBUG_INFORMATION_FORMAT = "dwarf-with-dsym";
				ENABLE_NS_ASSERTIONS = NO;
				ENABLE_STRICT_OBJC_MSGSEND = YES;
				GCC_C_LANGUAGE_STANDARD = gnu11;
				GCC_NO_COMMON_BLOCKS = YES;
				GCC_WARN_64_TO_32_BIT_CONVERSION = YES;
				GCC_WARN_ABOUT_RETURN_TYPE = YES_ERROR;
				GCC_WARN_UNDECLARED_SELECTOR = YES;
				GCC_WARN_UNINITIALIZED_AUTOS = YES_AGGRESSIVE;
				GCC_WARN_UNUSED_FUNCTION = YES;
				GCC_WARN_UNUSED_VARIABLE = YES;
				IPHONEOS_DEPLOYMENT_TARGET = 13.4;
				MTL_ENABLE_DEBUG_INFO = NO;
				MTL_FAST_MATH = YES;
				SDKROOT = iphoneos;
				SWIFT_COMPILATION_MODE = wholemodule;
				SWIFT_OPTIMIZATION_LEVEL = "-O";
				VALIDATE_PRODUCT = YES;
			};
			name = Release;
		};
		11494AF72444BFF600D14261 /* Debug */ = {
			isa = XCBuildConfiguration;
			buildSettings = {
				ASSETCATALOG_COMPILER_APPICON_NAME = AppIcon;
				CODE_SIGN_STYLE = Automatic;
				DEVELOPMENT_TEAM = 2AUX7ZMLGM;
				INFOPLIST_FILE = ActiMex/Info.plist;
				LD_RUNPATH_SEARCH_PATHS = (
					"$(inherited)",
					"@executable_path/Frameworks",
				);
				PRODUCT_BUNDLE_IDENTIFIER = Emeya.ActiMex;
				PRODUCT_NAME = "$(TARGET_NAME)";
				SWIFT_VERSION = 5.0;
				TARGETED_DEVICE_FAMILY = "1,2";
			};
			name = Debug;
		};
		11494AF82444BFF600D14261 /* Release */ = {
			isa = XCBuildConfiguration;
			buildSettings = {
				ASSETCATALOG_COMPILER_APPICON_NAME = AppIcon;
				CODE_SIGN_STYLE = Automatic;
				DEVELOPMENT_TEAM = 2AUX7ZMLGM;
				INFOPLIST_FILE = ActiMex/Info.plist;
				LD_RUNPATH_SEARCH_PATHS = (
					"$(inherited)",
					"@executable_path/Frameworks",
				);
				PRODUCT_BUNDLE_IDENTIFIER = Emeya.ActiMex;
				PRODUCT_NAME = "$(TARGET_NAME)";
				SWIFT_VERSION = 5.0;
				TARGETED_DEVICE_FAMILY = "1,2";
			};
			name = Release;
		};
/* End XCBuildConfiguration section */

/* Begin XCConfigurationList section */
		11494ADD2444BFF000D14261 /* Build configuration list for PBXProject "ActiMex" */ = {
			isa = XCConfigurationList;
			buildConfigurations = (
				11494AF42444BFF600D14261 /* Debug */,
				11494AF52444BFF600D14261 /* Release */,
			);
			defaultConfigurationIsVisible = 0;
			defaultConfigurationName = Release;
		};
		11494AF62444BFF600D14261 /* Build configuration list for PBXNativeTarget "ActiMex" */ = {
			isa = XCConfigurationList;
			buildConfigurations = (
				11494AF72444BFF600D14261 /* Debug */,
				11494AF82444BFF600D14261 /* Release */,
			);
			defaultConfigurationIsVisible = 0;
			defaultConfigurationName = Release;
		};
/* End XCConfigurationList section */
	};
	rootObject = 11494ADA2444BFF000D14261 /* Project object */;
}
